
Microsoft Visual Studio Solution File, Format Version 12.00
# Visual Studio 14
VisualStudioVersion = 14.0.24720.0
MinimumVisualStudioVersion = 12.0.21005.1
Project("{8BC9CEB8-8B4A-11D0-8D11-00A0C91BC942}") = "sanguozhanji", "sanguozhanji.vcxproj", "{4E6A7A0E-DDD8-4BAA-8B22-C964069364ED}"
	ProjectSection(ProjectDependencies) = postProject
		{98A51BA8-FC3A-415B-AC8F-8C7BD464E93E} = {98A51BA8-FC3A-415B-AC8F-8C7BD464E93E}
	EndProjectSection
EndProject
Project("{8BC9CEB8-8B4A-11D0-8D11-00A0C91BC942}") = "libcocos2d", "..\..\cocos2d-x\cocos\2d\libcocos2d.vcxproj", "{98A51BA8-FC3A-415B-AC8F-8C7BD464E93E}"
EndProject
Project("{8BC9CEB8-8B4A-11D0-8D11-00A0C91BC942}") = "libluacocos2d", "..\..\cocos2d-x\cocos\scripting\lua-bindings\proj.win32\libluacocos2d.vcxproj", "{9F2D6CE6-C893-4400-B50C-6DB70CC2562F}"
EndProject
Project("{8BC9CEB8-8B4A-11D0-8D11-00A0C91BC942}") = "libsimulator", "..\..\cocos2d-x\tools\simulator\libsimulator\proj.win32\libsimulator.vcxproj", "{001B324A-BB91-4E83-875C-C92F75C40857}"
EndProject
Project("{2150E333-8FDC-42A3-9474-1A3956D46DE8}") = "Cocos", "Cocos", "{B06B3A12-4F18-47F8-9500-C8A9C73B17E9}"
EndProject
Project("{2150E333-8FDC-42A3-9474-1A3956D46DE8}") = "FrameWork", "FrameWork", "{CDFE0F8F-50A8-4851-8204-16AAA437E131}"
EndProject
Project("{2150E333-8FDC-42A3-9474-1A3956D46DE8}") = "Proj", "Proj", "{440FDB30-AB5C-47A6-834B-02F4435D2C9A}"
EndProject
Global
	GlobalSection(SolutionConfigurationPlatforms) = preSolution
		Debug|Win32 = Debug|Win32
		Release|Win32 = Release|Win32
	EndGlobalSection
	GlobalSection(ProjectConfigurationPlatforms) = postSolution
		{4E6A7A0E-DDD8-4BAA-8B22-C964069364ED}.Debug|Win32.ActiveCfg = Debug|Win32
		{4E6A7A0E-DDD8-4BAA-8B22-C964069364ED}.Debug|Win32.Build.0 = Debug|Win32
		{4E6A7A0E-DDD8-4BAA-8B22-C964069364ED}.Release|Win32.ActiveCfg = Release|Win32
		{4E6A7A0E-DDD8-4BAA-8B22-C964069364ED}.Release|Win32.Build.0 = Release|Win32
		{98A51BA8-FC3A-415B-AC8F-8C7BD464E93E}.Debug|Win32.ActiveCfg = Debug|Win32
		{98A51BA8-FC3A-415B-AC8F-8C7BD464E93E}.Debug|Win32.Build.0 = Debug|Win32
		{98A51BA8-FC3A-415B-AC8F-8C7BD464E93E}.Release|Win32.ActiveCfg = Release|Win32
		{98A51BA8-FC3A-415B-AC8F-8C7BD464E93E}.Release|Win32.Build.0 = Release|Win32
		{9F2D6CE6-C893-4400-B50C-6DB70CC2562F}.Debug|Win32.ActiveCfg = Debug|Win32
		{9F2D6CE6-C893-4400-B50C-6DB70CC2562F}.Debug|Win32.Build.0 = Debug|Win32
		{9F2D6CE6-C893-4400-B50C-6DB70CC2562F}.Release|Win32.ActiveCfg = Release|Win32
		{9F2D6CE6-C893-4400-B50C-6DB70CC2562F}.Release|Win32.Build.0 = Release|Win32
		{001B324A-BB91-4E83-875C-C92F75C40857}.Debug|Win32.ActiveCfg = Debug|Win32
		{001B324A-BB91-4E83-875C-C92F75C40857}.Debug|Win32.Build.0 = Debug|Win32
		{001B324A-BB91-4E83-875C-C92F75C40857}.Release|Win32.ActiveCfg = Release|Win32
		{001B324A-BB91-4E83-875C-C92F75C40857}.Release|Win32.Build.0 = Release|Win32
	EndGlobalSection
	GlobalSection(SolutionProperties) = preSolution
		HideSolutionNode = FALSE
	EndGlobalSection
	GlobalSection(NestedProjects) = preSolution
		{4E6A7A0E-DDD8-4BAA-8B22-C964069364ED} = {440FDB30-AB5C-47A6-834B-02F4435D2C9A}
		{98A51BA8-FC3A-415B-AC8F-8C7BD464E93E} = {B06B3A12-4F18-47F8-9500-C8A9C73B17E9}
		{9F2D6CE6-C893-4400-B50C-6DB70CC2562F} = {B06B3A12-4F18-47F8-9500-C8A9C73B17E9}
		{001B324A-BB91-4E83-875C-C92F75C40857} = {B06B3A12-4F18-47F8-9500-C8A9C73B17E9}
	EndGlobalSection
EndGlobal
